
Microsoft Visual Studio Solution File, Format Version 12.00
# Visual Studio Version 17
VisualStudioVersion = 17.5.33530.505
MinimumVisualStudioVersion = 10.0.40219.1
Project("{FAE04EC0-301F-11D3-BF4B-00C04F79EFBC}") = "Entities", "Entities\Entities.csproj", "{0BBF9F19-ED53-4305-B84D-BF33D31908A0}"
EndProject
Global
	GlobalSection(SolutionConfigurationPlatforms) = preSolution
		Debug|Any CPU = Debug|Any CPU
		Release|Any CPU = Release|Any CPU
	EndGlobalSection
	GlobalSection(ProjectConfigurationPlatforms) = postSolution
		{0BBF9F19-ED53-4305-B84D-BF33D31908A0}.Debug|Any CPU.ActiveCfg = Debug|Any CPU
		{0BBF9F19-ED53-4305-B84D-BF33D31908A0}.Debug|Any CPU.Build.0 = Debug|Any CPU
		{0BBF9F19-ED53-4305-B84D-BF33D31908A0}.Release|Any CPU.ActiveCfg = Release|Any CPU
		{0BBF9F19-ED53-4305-B84D-BF33D31908A0}.Release|Any CPU.Build.0 = Release|Any CPU
	EndGlobalSection
	GlobalSection(SolutionProperties) = preSolution
		HideSolutionNode = FALSE
	EndGlobalSection
	GlobalSection(ExtensibilityGlobals) = postSolution
		SolutionGuid = {D15A44F1-7C3F-489B-95B0-4966E5F50AA8}
	EndGlobalSection
EndGlobal
