
Microsoft Visual Studio Solution File, Format Version 12.00
# Visual Studio Version 17
VisualStudioVersion = 17.5.33530.505
MinimumVisualStudioVersion = 10.0.40219.1
Project("{FAE04EC0-301F-11D3-BF4B-00C04F79EFBC}") = "Entities", "Entities\Entities.csproj", "{0BBF9F19-ED53-4305-B84D-BF33D31908A0}"
EndProject
Project("{2150E333-8FDC-42A3-9474-1A3956D46DE8}") = "1_Presentation", "1_Presentation", "{4B35C37F-5C7E-42DC-A857-A5CE2154F2B4}"
EndProject
Project("{2150E333-8FDC-42A3-9474-1A3956D46DE8}") = "2_Domain", "2_Domain", "{0FBCF2EB-A730-4856-9525-EAC6EC5527A0}"
EndProject
Project("{2150E333-8FDC-42A3-9474-1A3956D46DE8}") = "3_Infrastructure", "3_Infrastructure", "{FF9E727D-B482-4B13-89DC-D4EA552C5F90}"
EndProject
Project("{2150E333-8FDC-42A3-9474-1A3956D46DE8}") = "4_Entities", "4_Entities", "{7D2A722D-B77D-4E81-9763-492E14E17630}"
EndProject
Project("{2150E333-8FDC-42A3-9474-1A3956D46DE8}") = "5_Helpers", "5_Helpers", "{447B09E5-0793-4722-8F55-8FA8FC7964CB}"
EndProject
Project("{FAE04EC0-301F-11D3-BF4B-00C04F79EFBC}") = "Helpers", "Helpers\Helpers.csproj", "{AB32E8D7-177D-4629-A575-B04080D7149C}"
EndProject
Project("{FAE04EC0-301F-11D3-BF4B-00C04F79EFBC}") = "Infrastructure", "Infrastructure\Infrastructure.csproj", "{E1ED08CA-7053-40E1-A121-20AE1294C80D}"
EndProject
Project("{FAE04EC0-301F-11D3-BF4B-00C04F79EFBC}") = "Domain", "Domain\Domain.csproj", "{FC091CDB-03F4-46EB-9898-E96B1A667CCC}"
EndProject
Project("{FAE04EC0-301F-11D3-BF4B-00C04F79EFBC}") = "WebApi", "WebApi\WebApi.csproj", "{53944B92-3D88-4275-9778-74FE633DE425}"
EndProject
Global
	GlobalSection(SolutionConfigurationPlatforms) = preSolution
		Debug|Any CPU = Debug|Any CPU
		Release|Any CPU = Release|Any CPU
	EndGlobalSection
	GlobalSection(ProjectConfigurationPlatforms) = postSolution
		{0BBF9F19-ED53-4305-B84D-BF33D31908A0}.Debug|Any CPU.ActiveCfg = Debug|Any CPU
		{0BBF9F19-ED53-4305-B84D-BF33D31908A0}.Debug|Any CPU.Build.0 = Debug|Any CPU
		{0BBF9F19-ED53-4305-B84D-BF33D31908A0}.Release|Any CPU.ActiveCfg = Release|Any CPU
		{0BBF9F19-ED53-4305-B84D-BF33D31908A0}.Release|Any CPU.Build.0 = Release|Any CPU
		{AB32E8D7-177D-4629-A575-B04080D7149C}.Debug|Any CPU.ActiveCfg = Debug|Any CPU
		{AB32E8D7-177D-4629-A575-B04080D7149C}.Debug|Any CPU.Build.0 = Debug|Any CPU
		{AB32E8D7-177D-4629-A575-B04080D7149C}.Release|Any CPU.ActiveCfg = Release|Any CPU
		{AB32E8D7-177D-4629-A575-B04080D7149C}.Release|Any CPU.Build.0 = Release|Any CPU
		{E1ED08CA-7053-40E1-A121-20AE1294C80D}.Debug|Any CPU.ActiveCfg = Debug|Any CPU
		{E1ED08CA-7053-40E1-A121-20AE1294C80D}.Debug|Any CPU.Build.0 = Debug|Any CPU
		{E1ED08CA-7053-40E1-A121-20AE1294C80D}.Release|Any CPU.ActiveCfg = Release|Any CPU
		{E1ED08CA-7053-40E1-A121-20AE1294C80D}.Release|Any CPU.Build.0 = Release|Any CPU
		{FC091CDB-03F4-46EB-9898-E96B1A667CCC}.Debug|Any CPU.ActiveCfg = Debug|Any CPU
		{FC091CDB-03F4-46EB-9898-E96B1A667CCC}.Debug|Any CPU.Build.0 = Debug|Any CPU
		{FC091CDB-03F4-46EB-9898-E96B1A667CCC}.Release|Any CPU.ActiveCfg = Release|Any CPU
		{FC091CDB-03F4-46EB-9898-E96B1A667CCC}.Release|Any CPU.Build.0 = Release|Any CPU
		{53944B92-3D88-4275-9778-74FE633DE425}.Debug|Any CPU.ActiveCfg = Debug|Any CPU
		{53944B92-3D88-4275-9778-74FE633DE425}.Debug|Any CPU.Build.0 = Debug|Any CPU
		{53944B92-3D88-4275-9778-74FE633DE425}.Release|Any CPU.ActiveCfg = Release|Any CPU
		{53944B92-3D88-4275-9778-74FE633DE425}.Release|Any CPU.Build.0 = Release|Any CPU
	EndGlobalSection
	GlobalSection(SolutionProperties) = preSolution
		HideSolutionNode = FALSE
	EndGlobalSection
	GlobalSection(NestedProjects) = preSolution
		{0BBF9F19-ED53-4305-B84D-BF33D31908A0} = {7D2A722D-B77D-4E81-9763-492E14E17630}
		{AB32E8D7-177D-4629-A575-B04080D7149C} = {447B09E5-0793-4722-8F55-8FA8FC7964CB}
		{E1ED08CA-7053-40E1-A121-20AE1294C80D} = {FF9E727D-B482-4B13-89DC-D4EA552C5F90}
		{FC091CDB-03F4-46EB-9898-E96B1A667CCC} = {0FBCF2EB-A730-4856-9525-EAC6EC5527A0}
		{53944B92-3D88-4275-9778-74FE633DE425} = {4B35C37F-5C7E-42DC-A857-A5CE2154F2B4}
	EndGlobalSection
	GlobalSection(ExtensibilityGlobals) = postSolution
		SolutionGuid = {D15A44F1-7C3F-489B-95B0-4966E5F50AA8}
	EndGlobalSection
EndGlobal
